PODS:
  - Expecta (0.3.1)
  - INMEnum (0.1.0)
  - Specta (0.2.1)

DEPENDENCIES:
  - Expecta
  - INMEnum (from `../`)
  - Specta (~> 0.2.1)

EXTERNAL SOURCES:
  INMEnum:
    :path: ../

SPEC CHECKSUMS:
  Expecta: 03aabd0a89d8dea843baecb19a7fd7466a69a31d
  INMEnum: ed9453270dc1f644b0b00900b6f96466c3ce5057
  Specta: 9141310f46b1f68b676650ff2854e1ed0b74163a

COCOAPODS: 0.33.1
